
Microsoft Visual Studio Solution File, Format Version 12.00
# Visual Studio Version 17
VisualStudioVersion = 17.4.33213.308
MinimumVisualStudioVersion = 10.0.40219.1
Project("{FAE04EC0-301F-11D3-BF4B-00C04F79EFBC}") = "ProiectFormsApp", "ProiectFormsApp\ProiectFormsApp.csproj", "{BB65BD8B-9487-4B2F-A127-6AC75B13C81B}"
EndProject
Global
	GlobalSection(SolutionConfigurationPlatforms) = preSolution
		Debug|Any CPU = Debug|Any CPU
		Release|Any CPU = Release|Any CPU
	EndGlobalSection
	GlobalSection(ProjectConfigurationPlatforms) = postSolution
		{BB65BD8B-9487-4B2F-A127-6AC75B13C81B}.Debug|Any CPU.ActiveCfg = Debug|Any CPU
		{BB65BD8B-9487-4B2F-A127-6AC75B13C81B}.Debug|Any CPU.Build.0 = Debug|Any CPU
		{BB65BD8B-9487-4B2F-A127-6AC75B13C81B}.Release|Any CPU.ActiveCfg = Release|Any CPU
		{BB65BD8B-9487-4B2F-A127-6AC75B13C81B}.Release|Any CPU.Build.0 = Release|Any CPU
	EndGlobalSection
	GlobalSection(SolutionProperties) = preSolution
		HideSolutionNode = FALSE
	EndGlobalSection
	GlobalSection(ExtensibilityGlobals) = postSolution
		SolutionGuid = {868A6B68-F2DC-4088-B05B-89B5D67FACA8}
	EndGlobalSection
EndGlobal
